// !$*UTF8*$!
{
	archiveVersion = 1;
	classes = {
	};
	objectVersion = 46;
	objects = {

/* Begin PBXBuildFile section */
		530D4B7D14022FF200A33292 /* DKAPIFormData.m in Sources */ = {isa = PBXBuildFile; fileRef = 530D4B7214022FF200A33292 /* DKAPIFormData.m */; };
		530D4B7E14022FF200A33292 /* DKAPIInterceptor.m in Sources */ = {isa = PBXBuildFile; fileRef = 530D4B7414022FF200A33292 /* DKAPIInterceptor.m */; };
		530D4B7F14022FF200A33292 /* DKAPIRequest.m in Sources */ = {isa = PBXBuildFile; fileRef = 530D4B7814022FF200A33292 /* DKAPIRequest.m */; };
		530D4B8014022FF200A33292 /* DKAPIResponse.m in Sources */ = {isa = PBXBuildFile; fileRef = 530D4B7A14022FF200A33292 /* DKAPIResponse.m */; };
		530D4B8114022FF200A33292 /* DKAPIStub.m in Sources */ = {isa = PBXBuildFile; fileRef = 530D4B7C14022FF200A33292 /* DKAPIStub.m */; };
		530D4B901402327F00A33292 /* DKAPIInterceptorSpec.m in Sources */ = {isa = PBXBuildFile; fileRef = 530D4B8B1402327F00A33292 /* DKAPIInterceptorSpec.m */; };
		530D4B911402327F00A33292 /* DKAPIRequestSpec.m in Sources */ = {isa = PBXBuildFile; fileRef = 530D4B8C1402327F00A33292 /* DKAPIRequestSpec.m */; };
		530D4B921402327F00A33292 /* DKAPIResponseSpec.m in Sources */ = {isa = PBXBuildFile; fileRef = 530D4B8D1402327F00A33292 /* DKAPIResponseSpec.m */; };
		530D4B931402327F00A33292 /* DKAPIStubSpec.m in Sources */ = {isa = PBXBuildFile; fileRef = 530D4B8E1402327F00A33292 /* DKAPIStubSpec.m */; };
		530D4B95140232D200A33292 /* DKAPIFormDataSpec.m in Sources */ = {isa = PBXBuildFile; fileRef = 530D4B94140232D200A33292 /* DKAPIFormDataSpec.m */; };
		530D4B97140237EE00A33292 /* OCMock-iPhone.framework in Frameworks */ = {isa = PBXBuildFile; fileRef = 530D4B96140237EE00A33292 /* OCMock-iPhone.framework */; };
		530D4BA314024EA200A33292 /* MockInterceptor.m in Sources */ = {isa = PBXBuildFile; fileRef = 530D4BA214024EA200A33292 /* MockInterceptor.m */; };
		53156486140359C8009A79E5 /* DKAPIProgress.m in Sources */ = {isa = PBXBuildFile; fileRef = 53156485140359C8009A79E5 /* DKAPIProgress.m */; };
		5315648E14036049009A79E5 /* MockProgressDelegate.m in Sources */ = {isa = PBXBuildFile; fileRef = 5315648D14036049009A79E5 /* MockProgressDelegate.m */; };
		53156492140360A9009A79E5 /* DKAPIProgressSpec.m in Sources */ = {isa = PBXBuildFile; fileRef = 53156491140360A9009A79E5 /* DKAPIProgressSpec.m */; };
		537874B014010A0A00D9B746 /* main.m in Sources */ = {isa = PBXBuildFile; fileRef = 537874AF14010A0A00D9B746 /* main.m */; };
		537874BD14010A1F00D9B746 /* UIKit.framework in Frameworks */ = {isa = PBXBuildFile; fileRef = 537874BC14010A1F00D9B746 /* UIKit.framework */; };
		537874BF14010A2500D9B746 /* Foundation.framework in Frameworks */ = {isa = PBXBuildFile; fileRef = 537874BE14010A2500D9B746 /* Foundation.framework */; };
		537874D514010A5700D9B746 /* Cedar-iPhone.framework in Frameworks */ = {isa = PBXBuildFile; fileRef = 537874C114010A5700D9B746 /* Cedar-iPhone.framework */; };
		537874D614010A5700D9B746 /* libExpecta-ios-universal.a in Frameworks */ = {isa = PBXBuildFile; fileRef = 537874D214010A5700D9B746 /* libExpecta-ios-universal.a */; };
		53876B98140A1BDA009F8171 /* MockFileUpload.m in Sources */ = {isa = PBXBuildFile; fileRef = 53876B97140A1BDA009F8171 /* MockFileUpload.m */; };
		53876BEA140A265A009F8171 /* MockDataObject.m in Sources */ = {isa = PBXBuildFile; fileRef = 53876BE9140A265A009F8171 /* MockDataObject.m */; };
		53F18BB01401532800E1A6E8 /* SystemConfiguration.framework in Frameworks */ = {isa = PBXBuildFile; fileRef = 53F18BAF1401532800E1A6E8 /* SystemConfiguration.framework */; };
		53F18BB31401533100E1A6E8 /* CFNetwork.framework in Frameworks */ = {isa = PBXBuildFile; fileRef = 53F18BB21401533100E1A6E8 /* CFNetwork.framework */; };
		53F18BB51401538800E1A6E8 /* libz.dylib in Frameworks */ = {isa = PBXBuildFile; fileRef = 53F18BB41401538800E1A6E8 /* libz.dylib */; };
		53F18BB71401539200E1A6E8 /* libicucore.dylib in Frameworks */ = {isa = PBXBuildFile; fileRef = 53F18BB61401539200E1A6E8 /* libicucore.dylib */; };
		53F18BB91401539E00E1A6E8 /* CoreGraphics.framework in Frameworks */ = {isa = PBXBuildFile; fileRef = 53F18BB81401539E00E1A6E8 /* CoreGraphics.framework */; };
		53F18BC4140153C400E1A6E8 /* ISO8601DateFormatter.m in Sources */ = {isa = PBXBuildFile; fileRef = 53F18BBC140153C400E1A6E8 /* ISO8601DateFormatter.m */; };
		53F18BC5140153C400E1A6E8 /* LoggerClient.m in Sources */ = {isa = PBXBuildFile; fileRef = 53F18BBF140153C400E1A6E8 /* LoggerClient.m */; };
		53F18BC6140153C400E1A6E8 /* RegexKitLite.m in Sources */ = {isa = PBXBuildFile; fileRef = 53F18BC3140153C400E1A6E8 /* RegexKitLite.m */; };
		53F18BED140153D400E1A6E8 /* DKPredicate.m in Sources */ = {isa = PBXBuildFile; fileRef = 53F18BCB140153D300E1A6E8 /* DKPredicate.m */; };
		53F18BEE140153D400E1A6E8 /* DKPredicateBuilder.m in Sources */ = {isa = PBXBuildFile; fileRef = 53F18BCD140153D300E1A6E8 /* DKPredicateBuilder.m */; };
		53F18BEF140153D400E1A6E8 /* NSArray+Enumurable.m in Sources */ = {isa = PBXBuildFile; fileRef = 53F18BD1140153D300E1A6E8 /* NSArray+Enumurable.m */; };
		53F18BF0140153D400E1A6E8 /* NSDate+Conversions.m in Sources */ = {isa = PBXBuildFile; fileRef = 53F18BD4140153D300E1A6E8 /* NSDate+Conversions.m */; };
		53F18BF1140153D400E1A6E8 /* NSDate+Initializers.m in Sources */ = {isa = PBXBuildFile; fileRef = 53F18BD6140153D300E1A6E8 /* NSDate+Initializers.m */; };
		53F18BF2140153D400E1A6E8 /* NSMutableArray+Reverse.m in Sources */ = {isa = PBXBuildFile; fileRef = 53F18BD9140153D300E1A6E8 /* NSMutableArray+Reverse.m */; };
		53F18BF3140153D400E1A6E8 /* NSNumber+Initializers.m in Sources */ = {isa = PBXBuildFile; fileRef = 53F18BDC140153D300E1A6E8 /* NSNumber+Initializers.m */; };
		53F18BF4140153D400E1A6E8 /* NSObject+DelayedBlock.m in Sources */ = {isa = PBXBuildFile; fileRef = 53F18BDF140153D400E1A6E8 /* NSObject+DelayedBlock.m */; };
		53F18BF5140153D400E1A6E8 /* NSString+Hash.m in Sources */ = {isa = PBXBuildFile; fileRef = 53F18BE2140153D400E1A6E8 /* NSString+Hash.m */; };
		53F18BF6140153D400E1A6E8 /* NSString+Inflections.m in Sources */ = {isa = PBXBuildFile; fileRef = 53F18BE4140153D400E1A6E8 /* NSString+Inflections.m */; };
		53F18BF7140153D400E1A6E8 /* NSString+Initializers.m in Sources */ = {isa = PBXBuildFile; fileRef = 53F18BE6140153D400E1A6E8 /* NSString+Initializers.m */; };
		53F18BF8140153D400E1A6E8 /* UIAlertView+Shortcuts.m in Sources */ = {isa = PBXBuildFile; fileRef = 53F18BE9140153D400E1A6E8 /* UIAlertView+Shortcuts.m */; };
		53F18BF9140153D400E1A6E8 /* UIViewController+ParentController.m in Sources */ = {isa = PBXBuildFile; fileRef = 53F18BEC140153D400E1A6E8 /* UIViewController+ParentController.m */; };
		53FFD1051401234C00E6B764 /* ASIAuthenticationDialog.m in Sources */ = {isa = PBXBuildFile; fileRef = 53FFD0E11401234C00E6B764 /* ASIAuthenticationDialog.m */; };
		53FFD1061401234C00E6B764 /* ASIDataCompressor.m in Sources */ = {isa = PBXBuildFile; fileRef = 53FFD0E41401234C00E6B764 /* ASIDataCompressor.m */; };
		53FFD1071401234C00E6B764 /* ASIDataDecompressor.m in Sources */ = {isa = PBXBuildFile; fileRef = 53FFD0E61401234C00E6B764 /* ASIDataDecompressor.m */; };
		53FFD1081401234C00E6B764 /* ASIDownloadCache.m in Sources */ = {isa = PBXBuildFile; fileRef = 53FFD0E81401234C00E6B764 /* ASIDownloadCache.m */; };
		53FFD1091401234C00E6B764 /* ASIFormDataRequest.m in Sources */ = {isa = PBXBuildFile; fileRef = 53FFD0EA1401234C00E6B764 /* ASIFormDataRequest.m */; };
		53FFD10A1401234C00E6B764 /* ASIHTTPRequest.m in Sources */ = {isa = PBXBuildFile; fileRef = 53FFD0EC1401234C00E6B764 /* ASIHTTPRequest.m */; };
		53FFD10B1401234C00E6B764 /* ASIInputStream.m in Sources */ = {isa = PBXBuildFile; fileRef = 53FFD0F01401234C00E6B764 /* ASIInputStream.m */; };
		53FFD10C1401234C00E6B764 /* ASINetworkQueue.m in Sources */ = {isa = PBXBuildFile; fileRef = 53FFD0F21401234C00E6B764 /* ASINetworkQueue.m */; };
		53FFD10D1401234C00E6B764 /* NSObject+SBJSON.m in Sources */ = {isa = PBXBuildFile; fileRef = 53FFD0F71401234C00E6B764 /* NSObject+SBJSON.m */; };
		53FFD10E1401234C00E6B764 /* NSString+SBJSON.m in Sources */ = {isa = PBXBuildFile; fileRef = 53FFD0F91401234C00E6B764 /* NSString+SBJSON.m */; };
		53FFD10F1401234C00E6B764 /* SBJSON.m in Sources */ = {isa = PBXBuildFile; fileRef = 53FFD0FB1401234C00E6B764 /* SBJSON.m */; };
		53FFD1101401234C00E6B764 /* SBJsonBase.m in Sources */ = {isa = PBXBuildFile; fileRef = 53FFD0FD1401234C00E6B764 /* SBJsonBase.m */; };
		53FFD1111401234C00E6B764 /* SBJsonParser.m in Sources */ = {isa = PBXBuildFile; fileRef = 53FFD0FF1401234C00E6B764 /* SBJsonParser.m */; };
		53FFD1121401234C00E6B764 /* SBJsonWriter.m in Sources */ = {isa = PBXBuildFile; fileRef = 53FFD1011401234C00E6B764 /* SBJsonWriter.m */; };
		53FFD1131401234C00E6B764 /* Reachability.m in Sources */ = {isa = PBXBuildFile; fileRef = 53FFD1041401234C00E6B764 /* Reachability.m */; };
		53FFD117140123C200E6B764 /* DKFile.m in Sources */ = {isa = PBXBuildFile; fileRef = 53FFD116140123C200E6B764 /* DKFile.m */; };
		53FFD119140123F400E6B764 /* MobileCoreServices.framework in Frameworks */ = {isa = PBXBuildFile; fileRef = 53FFD118140123F400E6B764 /* MobileCoreServices.framework */; };
/* End PBXBuildFile section */

/* Begin PBXFileReference section */
		530D4B7014022FF200A33292 /* DKAPICacheStrategy.h */ = {isa = PBXFileReference; fileEncoding = 4; lastKnownFileType = sourcecode.c.h; path = DKAPICacheStrategy.h; sourceTree = "<group>"; };
		530D4B7114022FF200A33292 /* DKAPIFormData.h */ = {isa = PBXFileReference; fileEncoding = 4; lastKnownFileType = sourcecode.c.h; path = DKAPIFormData.h; sourceTree = "<group>"; };
		530D4B7214022FF200A33292 /* DKAPIFormData.m */ = {isa = PBXFileReference; fileEncoding = 4; lastKnownFileType = sourcecode.c.objc; path = DKAPIFormData.m; sourceTree = "<group>"; };
		530D4B7314022FF200A33292 /* DKAPIInterceptor.h */ = {isa = PBXFileReference; fileEncoding = 4; lastKnownFileType = sourcecode.c.h; path = DKAPIInterceptor.h; sourceTree = "<group>"; };
		530D4B7414022FF200A33292 /* DKAPIInterceptor.m */ = {isa = PBXFileReference; fileEncoding = 4; lastKnownFileType = sourcecode.c.objc; path = DKAPIInterceptor.m; sourceTree = "<group>"; };
		530D4B7514022FF200A33292 /* DKAPIInterceptorProtocol.h */ = {isa = PBXFileReference; fileEncoding = 4; lastKnownFileType = sourcecode.c.h; path = DKAPIInterceptorProtocol.h; sourceTree = "<group>"; };
		530D4B7614022FF200A33292 /* DKAPILogger.h */ = {isa = PBXFileReference; fileEncoding = 4; lastKnownFileType = sourcecode.c.h; path = DKAPILogger.h; sourceTree = "<group>"; };
		530D4B7714022FF200A33292 /* DKAPIRequest.h */ = {isa = PBXFileReference; fileEncoding = 4; lastKnownFileType = sourcecode.c.h; path = DKAPIRequest.h; sourceTree = "<group>"; };
		530D4B7814022FF200A33292 /* DKAPIRequest.m */ = {isa = PBXFileReference; fileEncoding = 4; lastKnownFileType = sourcecode.c.objc; path = DKAPIRequest.m; sourceTree = "<group>"; };
		530D4B7914022FF200A33292 /* DKAPIResponse.h */ = {isa = PBXFileReference; fileEncoding = 4; lastKnownFileType = sourcecode.c.h; path = DKAPIResponse.h; sourceTree = "<group>"; };
		530D4B7A14022FF200A33292 /* DKAPIResponse.m */ = {isa = PBXFileReference; fileEncoding = 4; lastKnownFileType = sourcecode.c.objc; path = DKAPIResponse.m; sourceTree = "<group>"; };
		530D4B7B14022FF200A33292 /* DKAPIStub.h */ = {isa = PBXFileReference; fileEncoding = 4; lastKnownFileType = sourcecode.c.h; path = DKAPIStub.h; sourceTree = "<group>"; };
		530D4B7C14022FF200A33292 /* DKAPIStub.m */ = {isa = PBXFileReference; fileEncoding = 4; lastKnownFileType = sourcecode.c.objc; path = DKAPIStub.m; sourceTree = "<group>"; };
		530D4B891402323700A33292 /* SpecHelper.h */ = {isa = PBXFileReference; fileEncoding = 4; lastKnownFileType = sourcecode.c.h; path = SpecHelper.h; sourceTree = "<group>"; };
		530D4B8B1402327F00A33292 /* DKAPIInterceptorSpec.m */ = {isa = PBXFileReference; fileEncoding = 4; lastKnownFileType = sourcecode.c.objc; path = DKAPIInterceptorSpec.m; sourceTree = "<group>"; };
		530D4B8C1402327F00A33292 /* DKAPIRequestSpec.m */ = {isa = PBXFileReference; fileEncoding = 4; lastKnownFileType = sourcecode.c.objc; path = DKAPIRequestSpec.m; sourceTree = "<group>"; };
		530D4B8D1402327F00A33292 /* DKAPIResponseSpec.m */ = {isa = PBXFileReference; fileEncoding = 4; lastKnownFileType = sourcecode.c.objc; path = DKAPIResponseSpec.m; sourceTree = "<group>"; };
		530D4B8E1402327F00A33292 /* DKAPIStubSpec.m */ = {isa = PBXFileReference; fileEncoding = 4; lastKnownFileType = sourcecode.c.objc; path = DKAPIStubSpec.m; sourceTree = "<group>"; };
		530D4B94140232D200A33292 /* DKAPIFormDataSpec.m */ = {isa = PBXFileReference; fileEncoding = 4; lastKnownFileType = sourcecode.c.objc; path = DKAPIFormDataSpec.m; sourceTree = "<group>"; };
		530D4B96140237EE00A33292 /* OCMock-iPhone.framework */ = {isa = PBXFileReference; lastKnownFileType = wrapper.framework; name = "OCMock-iPhone.framework"; path = "External/OCMock-iPhone.framework"; sourceTree = "<group>"; };
		530D4BA114024EA200A33292 /* MockInterceptor.h */ = {isa = PBXFileReference; fileEncoding = 4; lastKnownFileType = sourcecode.c.h; path = MockInterceptor.h; sourceTree = "<group>"; };
		530D4BA214024EA200A33292 /* MockInterceptor.m */ = {isa = PBXFileReference; fileEncoding = 4; lastKnownFileType = sourcecode.c.objc; path = MockInterceptor.m; sourceTree = "<group>"; };
		53156484140359C8009A79E5 /* DKAPIProgress.h */ = {isa = PBXFileReference; fileEncoding = 4; lastKnownFileType = sourcecode.c.h; path = DKAPIProgress.h; sourceTree = "<group>"; };
		53156485140359C8009A79E5 /* DKAPIProgress.m */ = {isa = PBXFileReference; fileEncoding = 4; lastKnownFileType = sourcecode.c.objc; path = DKAPIProgress.m; sourceTree = "<group>"; };
		5315648814035D4C009A79E5 /* DKAPIProgressProtocol.h */ = {isa = PBXFileReference; fileEncoding = 4; lastKnownFileType = sourcecode.c.h; path = DKAPIProgressProtocol.h; sourceTree = "<group>"; };
		5315648C14036049009A79E5 /* MockProgressDelegate.h */ = {isa = PBXFileReference; fileEncoding = 4; lastKnownFileType = sourcecode.c.h; path = MockProgressDelegate.h; sourceTree = "<group>"; };
		5315648D14036049009A79E5 /* MockProgressDelegate.m */ = {isa = PBXFileReference; fileEncoding = 4; lastKnownFileType = sourcecode.c.objc; path = MockProgressDelegate.m; sourceTree = "<group>"; };
		53156491140360A9009A79E5 /* DKAPIProgressSpec.m */ = {isa = PBXFileReference; fileEncoding = 4; lastKnownFileType = sourcecode.c.objc; path = DKAPIProgressSpec.m; sourceTree = "<group>"; };
		5378749F14010A0A00D9B746 /* Specs.app */ = {isa = PBXFileReference; explicitFileType = wrapper.application; includeInIndex = 0; path = Specs.app; sourceTree = BUILT_PRODUCTS_DIR; };
		537874AB14010A0A00D9B746 /* Specs-Info.plist */ = {isa = PBXFileReference; lastKnownFileType = text.plist.xml; path = "Specs-Info.plist"; sourceTree = "<group>"; };
		537874AF14010A0A00D9B746 /* main.m */ = {isa = PBXFileReference; lastKnownFileType = sourcecode.c.objc; path = main.m; sourceTree = "<group>"; };
		537874B114010A0A00D9B746 /* Specs-Prefix.pch */ = {isa = PBXFileReference; lastKnownFileType = sourcecode.c.h; path = "Specs-Prefix.pch"; sourceTree = "<group>"; };
		537874BC14010A1F00D9B746 /* UIKit.framework */ = {isa = PBXFileReference; lastKnownFileType = wrapper.framework; name = UIKit.framework; path = Platforms/iPhoneOS.platform/Developer/SDKs/iPhoneOS4.3.sdk/System/Library/Frameworks/UIKit.framework; sourceTree = DEVELOPER_DIR; };
		537874BE14010A2500D9B746 /* Foundation.framework */ = {isa = PBXFileReference; lastKnownFileType = wrapper.framework; name = Foundation.framework; path = Platforms/iPhoneOS.platform/Developer/SDKs/iPhoneOS4.3.sdk/System/Library/Frameworks/Foundation.framework; sourceTree = DEVELOPER_DIR; };
		537874C114010A5700D9B746 /* Cedar-iPhone.framework */ = {isa = PBXFileReference; lastKnownFileType = wrapper.framework; name = "Cedar-iPhone.framework"; path = "External/Cedar-iPhone.framework"; sourceTree = "<group>"; };
		537874C314010A5700D9B746 /* Expecta.h */ = {isa = PBXFileReference; fileEncoding = 4; lastKnownFileType = sourcecode.c.h; path = Expecta.h; sourceTree = "<group>"; };
		537874C414010A5700D9B746 /* ExpectaSupport.h */ = {isa = PBXFileReference; fileEncoding = 4; lastKnownFileType = sourcecode.c.h; path = ExpectaSupport.h; sourceTree = "<group>"; };
		537874C514010A5700D9B746 /* EXPExpect.h */ = {isa = PBXFileReference; fileEncoding = 4; lastKnownFileType = sourcecode.c.h; path = EXPExpect.h; sourceTree = "<group>"; };
		537874C614010A5700D9B746 /* EXPMatcherHelpers.h */ = {isa = PBXFileReference; fileEncoding = 4; lastKnownFileType = sourcecode.c.h; path = EXPMatcherHelpers.h; sourceTree = "<group>"; };
		537874C714010A5700D9B746 /* EXPMatchers+toBeFalsy.h */ = {isa = PBXFileReference; fileEncoding = 4; lastKnownFileType = sourcecode.c.h; path = "EXPMatchers+toBeFalsy.h"; sourceTree = "<group>"; };
		537874C814010A5700D9B746 /* EXPMatchers+toBeIdenticalTo.h */ = {isa = PBXFileReference; fileEncoding = 4; lastKnownFileType = sourcecode.c.h; path = "EXPMatchers+toBeIdenticalTo.h"; sourceTree = "<group>"; };
		537874C914010A5700D9B746 /* EXPMatchers+toBeInstanceOf.h */ = {isa = PBXFileReference; fileEncoding = 4; lastKnownFileType = sourcecode.c.h; path = "EXPMatchers+toBeInstanceOf.h"; sourceTree = "<group>"; };
		537874CA14010A5700D9B746 /* EXPMatchers+toBeKindOf.h */ = {isa = PBXFileReference; fileEncoding = 4; lastKnownFileType = sourcecode.c.h; path = "EXPMatchers+toBeKindOf.h"; sourceTree = "<group>"; };
		537874CB14010A5700D9B746 /* EXPMatchers+toBeNil.h */ = {isa = PBXFileReference; fileEncoding = 4; lastKnownFileType = sourcecode.c.h; path = "EXPMatchers+toBeNil.h"; sourceTree = "<group>"; };
		537874CC14010A5700D9B746 /* EXPMatchers+toBeSubclassOf.h */ = {isa = PBXFileReference; fileEncoding = 4; lastKnownFileType = sourcecode.c.h; path = "EXPMatchers+toBeSubclassOf.h"; sourceTree = "<group>"; };
		537874CD14010A5700D9B746 /* EXPMatchers+toBeTruthy.h */ = {isa = PBXFileReference; fileEncoding = 4; lastKnownFileType = sourcecode.c.h; path = "EXPMatchers+toBeTruthy.h"; sourceTree = "<group>"; };
		537874CE14010A5700D9B746 /* EXPMatchers+toContain.h */ = {isa = PBXFileReference; fileEncoding = 4; lastKnownFileType = sourcecode.c.h; path = "EXPMatchers+toContain.h"; sourceTree = "<group>"; };
		537874CF14010A5700D9B746 /* EXPMatchers+toEqual.h */ = {isa = PBXFileReference; fileEncoding = 4; lastKnownFileType = sourcecode.c.h; path = "EXPMatchers+toEqual.h"; sourceTree = "<group>"; };
		537874D014010A5700D9B746 /* EXPMatchers.h */ = {isa = PBXFileReference; fileEncoding = 4; lastKnownFileType = sourcecode.c.h; path = EXPMatchers.h; sourceTree = "<group>"; };
		537874D114010A5700D9B746 /* EXPUnsupportedObject.h */ = {isa = PBXFileReference; fileEncoding = 4; lastKnownFileType = sourcecode.c.h; path = EXPUnsupportedObject.h; sourceTree = "<group>"; };
		537874D214010A5700D9B746 /* libExpecta-ios-universal.a */ = {isa = PBXFileReference; lastKnownFileType = archive.ar; path = "libExpecta-ios-universal.a"; sourceTree = "<group>"; };
		537874D314010A5700D9B746 /* NSObject+Expecta.h */ = {isa = PBXFileReference; fileEncoding = 4; lastKnownFileType = sourcecode.c.h; path = "NSObject+Expecta.h"; sourceTree = "<group>"; };
		537874D414010A5700D9B746 /* NSValue+Expecta.h */ = {isa = PBXFileReference; fileEncoding = 4; lastKnownFileType = sourcecode.c.h; path = "NSValue+Expecta.h"; sourceTree = "<group>"; };
		53876B93140A18F8009F8171 /* DKAPIFormDataProtocol.h */ = {isa = PBXFileReference; fileEncoding = 4; lastKnownFileType = sourcecode.c.h; path = DKAPIFormDataProtocol.h; sourceTree = "<group>"; };
		53876B94140A19A6009F8171 /* DKAPIFormDataType.h */ = {isa = PBXFileReference; fileEncoding = 4; lastKnownFileType = sourcecode.c.h; path = DKAPIFormDataType.h; sourceTree = "<group>"; };
		53876B96140A1BDA009F8171 /* MockFileUpload.h */ = {isa = PBXFileReference; fileEncoding = 4; lastKnownFileType = sourcecode.c.h; path = MockFileUpload.h; sourceTree = "<group>"; };
		53876B97140A1BDA009F8171 /* MockFileUpload.m */ = {isa = PBXFileReference; fileEncoding = 4; lastKnownFileType = sourcecode.c.objc; path = MockFileUpload.m; sourceTree = "<group>"; };
		53876BE8140A265A009F8171 /* MockDataObject.h */ = {isa = PBXFileReference; fileEncoding = 4; lastKnownFileType = sourcecode.c.h; path = MockDataObject.h; sourceTree = "<group>"; };
		53876BE9140A265A009F8171 /* MockDataObject.m */ = {isa = PBXFileReference; fileEncoding = 4; lastKnownFileType = sourcecode.c.objc; path = MockDataObject.m; sourceTree = "<group>"; };
		53F18BAF1401532800E1A6E8 /* SystemConfiguration.framework */ = {isa = PBXFileReference; lastKnownFileType = wrapper.framework; name = SystemConfiguration.framework; path = Platforms/iPhoneOS.platform/Developer/SDKs/iPhoneOS4.3.sdk/System/Library/Frameworks/SystemConfiguration.framework; sourceTree = DEVELOPER_DIR; };
		53F18BB21401533100E1A6E8 /* CFNetwork.framework */ = {isa = PBXFileReference; lastKnownFileType = wrapper.framework; name = CFNetwork.framework; path = Platforms/iPhoneOS.platform/Developer/SDKs/iPhoneOS4.3.sdk/System/Library/Frameworks/CFNetwork.framework; sourceTree = DEVELOPER_DIR; };
		53F18BB41401538800E1A6E8 /* libz.dylib */ = {isa = PBXFileReference; lastKnownFileType = "compiled.mach-o.dylib"; name = libz.dylib; path = Platforms/iPhoneOS.platform/Developer/SDKs/iPhoneOS4.3.sdk/usr/lib/libz.dylib; sourceTree = DEVELOPER_DIR; };
		53F18BB61401539200E1A6E8 /* libicucore.dylib */ = {isa = PBXFileReference; lastKnownFileType = "compiled.mach-o.dylib"; name = libicucore.dylib; path = Platforms/iPhoneOS.platform/Developer/SDKs/iPhoneOS4.3.sdk/usr/lib/libicucore.dylib; sourceTree = DEVELOPER_DIR; };
		53F18BB81401539E00E1A6E8 /* CoreGraphics.framework */ = {isa = PBXFileReference; lastKnownFileType = wrapper.framework; name = CoreGraphics.framework; path = Platforms/iPhoneOS.platform/Developer/SDKs/iPhoneOS4.3.sdk/System/Library/Frameworks/CoreGraphics.framework; sourceTree = DEVELOPER_DIR; };
		53F18BBB140153C400E1A6E8 /* ISO8601DateFormatter.h */ = {isa = PBXFileReference; fileEncoding = 4; lastKnownFileType = sourcecode.c.h; path = ISO8601DateFormatter.h; sourceTree = "<group>"; };
		53F18BBC140153C400E1A6E8 /* ISO8601DateFormatter.m */ = {isa = PBXFileReference; fileEncoding = 4; lastKnownFileType = sourcecode.c.objc; path = ISO8601DateFormatter.m; sourceTree = "<group>"; };
		53F18BBE140153C400E1A6E8 /* LoggerClient.h */ = {isa = PBXFileReference; fileEncoding = 4; lastKnownFileType = sourcecode.c.h; path = LoggerClient.h; sourceTree = "<group>"; };
		53F18BBF140153C400E1A6E8 /* LoggerClient.m */ = {isa = PBXFileReference; fileEncoding = 4; lastKnownFileType = sourcecode.c.objc; path = LoggerClient.m; sourceTree = "<group>"; };
		53F18BC0140153C400E1A6E8 /* LoggerCommon.h */ = {isa = PBXFileReference; fileEncoding = 4; lastKnownFileType = sourcecode.c.h; path = LoggerCommon.h; sourceTree = "<group>"; };
		53F18BC2140153C400E1A6E8 /* RegexKitLite.h */ = {isa = PBXFileReference; fileEncoding = 4; lastKnownFileType = sourcecode.c.h; path = RegexKitLite.h; sourceTree = "<group>"; };
		53F18BC3140153C400E1A6E8 /* RegexKitLite.m */ = {isa = PBXFileReference; fileEncoding = 4; lastKnownFileType = sourcecode.c.objc; path = RegexKitLite.m; sourceTree = "<group>"; };
		53F18BC8140153D300E1A6E8 /* DKLogger.h */ = {isa = PBXFileReference; fileEncoding = 4; lastKnownFileType = sourcecode.c.h; name = DKLogger.h; path = DKSupport/Classes/DKLogger.h; sourceTree = "<group>"; };
		53F18BCA140153D300E1A6E8 /* DKPredicate.h */ = {isa = PBXFileReference; fileEncoding = 4; lastKnownFileType = sourcecode.c.h; path = DKPredicate.h; sourceTree = "<group>"; };
		53F18BCB140153D300E1A6E8 /* DKPredicate.m */ = {isa = PBXFileReference; fileEncoding = 4; lastKnownFileType = sourcecode.c.objc; path = DKPredicate.m; sourceTree = "<group>"; };
		53F18BCC140153D300E1A6E8 /* DKPredicateBuilder.h */ = {isa = PBXFileReference; fileEncoding = 4; lastKnownFileType = sourcecode.c.h; path = DKPredicateBuilder.h; sourceTree = "<group>"; };
		53F18BCD140153D300E1A6E8 /* DKPredicateBuilder.m */ = {isa = PBXFileReference; fileEncoding = 4; lastKnownFileType = sourcecode.c.objc; path = DKPredicateBuilder.m; sourceTree = "<group>"; };
		53F18BCE140153D300E1A6E8 /* DKSupport.h */ = {isa = PBXFileReference; fileEncoding = 4; lastKnownFileType = sourcecode.c.h; name = DKSupport.h; path = DKSupport/Classes/DKSupport.h; sourceTree = "<group>"; };
		53F18BD0140153D300E1A6E8 /* NSArray+Enumurable.h */ = {isa = PBXFileReference; fileEncoding = 4; lastKnownFileType = sourcecode.c.h; path = "NSArray+Enumurable.h"; sourceTree = "<group>"; };
		53F18BD1140153D300E1A6E8 /* NSArray+Enumurable.m */ = {isa = PBXFileReference; fileEncoding = 4; lastKnownFileType = sourcecode.c.objc; path = "NSArray+Enumurable.m"; sourceTree = "<group>"; };
		53F18BD3140153D300E1A6E8 /* NSDate+Conversions.h */ = {isa = PBXFileReference; fileEncoding = 4; lastKnownFileType = sourcecode.c.h; path = "NSDate+Conversions.h"; sourceTree = "<group>"; };
		53F18BD4140153D300E1A6E8 /* NSDate+Conversions.m */ = {isa = PBXFileReference; fileEncoding = 4; lastKnownFileType = sourcecode.c.objc; path = "NSDate+Conversions.m"; sourceTree = "<group>"; };
		53F18BD5140153D300E1A6E8 /* NSDate+Initializers.h */ = {isa = PBXFileReference; fileEncoding = 4; lastKnownFileType = sourcecode.c.h; path = "NSDate+Initializers.h"; sourceTree = "<group>"; };
		53F18BD6140153D300E1A6E8 /* NSDate+Initializers.m */ = {isa = PBXFileReference; fileEncoding = 4; lastKnownFileType = sourcecode.c.objc; path = "NSDate+Initializers.m"; sourceTree = "<group>"; };
		53F18BD8140153D300E1A6E8 /* NSMutableArray+Reverse.h */ = {isa = PBXFileReference; fileEncoding = 4; lastKnownFileType = sourcecode.c.h; path = "NSMutableArray+Reverse.h"; sourceTree = "<group>"; };
		53F18BD9140153D300E1A6E8 /* NSMutableArray+Reverse.m */ = {isa = PBXFileReference; fileEncoding = 4; lastKnownFileType = sourcecode.c.objc; path = "NSMutableArray+Reverse.m"; sourceTree = "<group>"; };
		53F18BDB140153D300E1A6E8 /* NSNumber+Initializers.h */ = {isa = PBXFileReference; fileEncoding = 4; lastKnownFileType = sourcecode.c.h; path = "NSNumber+Initializers.h"; sourceTree = "<group>"; };
		53F18BDC140153D300E1A6E8 /* NSNumber+Initializers.m */ = {isa = PBXFileReference; fileEncoding = 4; lastKnownFileType = sourcecode.c.objc; path = "NSNumber+Initializers.m"; sourceTree = "<group>"; };
		53F18BDE140153D400E1A6E8 /* NSObject+DelayedBlock.h */ = {isa = PBXFileReference; fileEncoding = 4; lastKnownFileType = sourcecode.c.h; path = "NSObject+DelayedBlock.h"; sourceTree = "<group>"; };
		53F18BDF140153D400E1A6E8 /* NSObject+DelayedBlock.m */ = {isa = PBXFileReference; fileEncoding = 4; lastKnownFileType = sourcecode.c.objc; path = "NSObject+DelayedBlock.m"; sourceTree = "<group>"; };
		53F18BE1140153D400E1A6E8 /* NSString+Hash.h */ = {isa = PBXFileReference; fileEncoding = 4; lastKnownFileType = sourcecode.c.h; path = "NSString+Hash.h"; sourceTree = "<group>"; };
		53F18BE2140153D400E1A6E8 /* NSString+Hash.m */ = {isa = PBXFileReference; fileEncoding = 4; lastKnownFileType = sourcecode.c.objc; path = "NSString+Hash.m"; sourceTree = "<group>"; };
		53F18BE3140153D400E1A6E8 /* NSString+Inflections.h */ = {isa = PBXFileReference; fileEncoding = 4; lastKnownFileType = sourcecode.c.h; path = "NSString+Inflections.h"; sourceTree = "<group>"; };
		53F18BE4140153D400E1A6E8 /* NSString+Inflections.m */ = {isa = PBXFileReference; fileEncoding = 4; lastKnownFileType = sourcecode.c.objc; path = "NSString+Inflections.m"; sourceTree = "<group>"; };
		53F18BE5140153D400E1A6E8 /* NSString+Initializers.h */ = {isa = PBXFileReference; fileEncoding = 4; lastKnownFileType = sourcecode.c.h; path = "NSString+Initializers.h"; sourceTree = "<group>"; };
		53F18BE6140153D400E1A6E8 /* NSString+Initializers.m */ = {isa = PBXFileReference; fileEncoding = 4; lastKnownFileType = sourcecode.c.objc; path = "NSString+Initializers.m"; sourceTree = "<group>"; };
		53F18BE8140153D400E1A6E8 /* UIAlertView+Shortcuts.h */ = {isa = PBXFileReference; fileEncoding = 4; lastKnownFileType = sourcecode.c.h; path = "UIAlertView+Shortcuts.h"; sourceTree = "<group>"; };
		53F18BE9140153D400E1A6E8 /* UIAlertView+Shortcuts.m */ = {isa = PBXFileReference; fileEncoding = 4; lastKnownFileType = sourcecode.c.objc; path = "UIAlertView+Shortcuts.m"; sourceTree = "<group>"; };
		53F18BEB140153D400E1A6E8 /* UIViewController+ParentController.h */ = {isa = PBXFileReference; fileEncoding = 4; lastKnownFileType = sourcecode.c.h; path = "UIViewController+ParentController.h"; sourceTree = "<group>"; };
		53F18BEC140153D400E1A6E8 /* UIViewController+ParentController.m */ = {isa = PBXFileReference; fileEncoding = 4; lastKnownFileType = sourcecode.c.objc; path = "UIViewController+ParentController.m"; sourceTree = "<group>"; };
		53FFD0E01401234C00E6B764 /* ASIAuthenticationDialog.h */ = {isa = PBXFileReference; fileEncoding = 4; lastKnownFileType = sourcecode.c.h; path = ASIAuthenticationDialog.h; sourceTree = "<group>"; };
		53FFD0E11401234C00E6B764 /* ASIAuthenticationDialog.m */ = {isa = PBXFileReference; fileEncoding = 4; lastKnownFileType = sourcecode.c.objc; path = ASIAuthenticationDialog.m; sourceTree = "<group>"; };
		53FFD0E21401234C00E6B764 /* ASICacheDelegate.h */ = {isa = PBXFileReference; fileEncoding = 4; lastKnownFileType = sourcecode.c.h; path = ASICacheDelegate.h; sourceTree = "<group>"; };
		53FFD0E31401234C00E6B764 /* ASIDataCompressor.h */ = {isa = PBXFileReference; fileEncoding = 4; lastKnownFileType = sourcecode.c.h; path = ASIDataCompressor.h; sourceTree = "<group>"; };
		53FFD0E41401234C00E6B764 /* ASIDataCompressor.m */ = {isa = PBXFileReference; fileEncoding = 4; lastKnownFileType = sourcecode.c.objc; path = ASIDataCompressor.m; sourceTree = "<group>"; };
		53FFD0E51401234C00E6B764 /* ASIDataDecompressor.h */ = {isa = PBXFileReference; fileEncoding = 4; lastKnownFileType = sourcecode.c.h; path = ASIDataDecompressor.h; sourceTree = "<group>"; };
		53FFD0E61401234C00E6B764 /* ASIDataDecompressor.m */ = {isa = PBXFileReference; fileEncoding = 4; lastKnownFileType = sourcecode.c.objc; path = ASIDataDecompressor.m; sourceTree = "<group>"; };
		53FFD0E71401234C00E6B764 /* ASIDownloadCache.h */ = {isa = PBXFileReference; fileEncoding = 4; lastKnownFileType = sourcecode.c.h; path = ASIDownloadCache.h; sourceTree = "<group>"; };
		53FFD0E81401234C00E6B764 /* ASIDownloadCache.m */ = {isa = PBXFileReference; fileEncoding = 4; lastKnownFileType = sourcecode.c.objc; path = ASIDownloadCache.m; sourceTree = "<group>"; };
		53FFD0E91401234C00E6B764 /* ASIFormDataRequest.h */ = {isa = PBXFileReference; fileEncoding = 4; lastKnownFileType = sourcecode.c.h; path = ASIFormDataRequest.h; sourceTree = "<group>"; };
		53FFD0EA1401234C00E6B764 /* ASIFormDataRequest.m */ = {isa = PBXFileReference; fileEncoding = 4; lastKnownFileType = sourcecode.c.objc; path = ASIFormDataRequest.m; sourceTree = "<group>"; };
		53FFD0EB1401234C00E6B764 /* ASIHTTPRequest.h */ = {isa = PBXFileReference; fileEncoding = 4; lastKnownFileType = sourcecode.c.h; path = ASIHTTPRequest.h; sourceTree = "<group>"; };
		53FFD0EC1401234C00E6B764 /* ASIHTTPRequest.m */ = {isa = PBXFileReference; fileEncoding = 4; lastKnownFileType = sourcecode.c.objc; path = ASIHTTPRequest.m; sourceTree = "<group>"; };
		53FFD0ED1401234C00E6B764 /* ASIHTTPRequestConfig.h */ = {isa = PBXFileReference; fileEncoding = 4; lastKnownFileType = sourcecode.c.h; path = ASIHTTPRequestConfig.h; sourceTree = "<group>"; };
		53FFD0EE1401234C00E6B764 /* ASIHTTPRequestDelegate.h */ = {isa = PBXFileReference; fileEncoding = 4; lastKnownFileType = sourcecode.c.h; path = ASIHTTPRequestDelegate.h; sourceTree = "<group>"; };
		53FFD0EF1401234C00E6B764 /* ASIInputStream.h */ = {isa = PBXFileReference; fileEncoding = 4; lastKnownFileType = sourcecode.c.h; path = ASIInputStream.h; sourceTree = "<group>"; };
		53FFD0F01401234C00E6B764 /* ASIInputStream.m */ = {isa = PBXFileReference; fileEncoding = 4; lastKnownFileType = sourcecode.c.objc; path = ASIInputStream.m; sourceTree = "<group>"; };
		53FFD0F11401234C00E6B764 /* ASINetworkQueue.h */ = {isa = PBXFileReference; fileEncoding = 4; lastKnownFileType = sourcecode.c.h; path = ASINetworkQueue.h; sourceTree = "<group>"; };
		53FFD0F21401234C00E6B764 /* ASINetworkQueue.m */ = {isa = PBXFileReference; fileEncoding = 4; lastKnownFileType = sourcecode.c.objc; path = ASINetworkQueue.m; sourceTree = "<group>"; };
		53FFD0F31401234C00E6B764 /* ASIProgressDelegate.h */ = {isa = PBXFileReference; fileEncoding = 4; lastKnownFileType = sourcecode.c.h; path = ASIProgressDelegate.h; sourceTree = "<group>"; };
		53FFD0F51401234C00E6B764 /* JSON.h */ = {isa = PBXFileReference; fileEncoding = 4; lastKnownFileType = sourcecode.c.h; path = JSON.h; sourceTree = "<group>"; };
		53FFD0F61401234C00E6B764 /* NSObject+SBJSON.h */ = {isa = PBXFileReference; fileEncoding = 4; lastKnownFileType = sourcecode.c.h; path = "NSObject+SBJSON.h"; sourceTree = "<group>"; };
		53FFD0F71401234C00E6B764 /* NSObject+SBJSON.m */ = {isa = PBXFileReference; fileEncoding = 4; lastKnownFileType = sourcecode.c.objc; path = "NSObject+SBJSON.m"; sourceTree = "<group>"; };
		53FFD0F81401234C00E6B764 /* NSString+SBJSON.h */ = {isa = PBXFileReference; fileEncoding = 4; lastKnownFileType = sourcecode.c.h; path = "NSString+SBJSON.h"; sourceTree = "<group>"; };
		53FFD0F91401234C00E6B764 /* NSString+SBJSON.m */ = {isa = PBXFileReference; fileEncoding = 4; lastKnownFileType = sourcecode.c.objc; path = "NSString+SBJSON.m"; sourceTree = "<group>"; };
		53FFD0FA1401234C00E6B764 /* SBJSON.h */ = {isa = PBXFileReference; fileEncoding = 4; lastKnownFileType = sourcecode.c.h; path = SBJSON.h; sourceTree = "<group>"; };
		53FFD0FB1401234C00E6B764 /* SBJSON.m */ = {isa = PBXFileReference; fileEncoding = 4; lastKnownFileType = sourcecode.c.objc; path = SBJSON.m; sourceTree = "<group>"; };
		53FFD0FC1401234C00E6B764 /* SBJsonBase.h */ = {isa = PBXFileReference; fileEncoding = 4; lastKnownFileType = sourcecode.c.h; path = SBJsonBase.h; sourceTree = "<group>"; };
		53FFD0FD1401234C00E6B764 /* SBJsonBase.m */ = {isa = PBXFileReference; fileEncoding = 4; lastKnownFileType = sourcecode.c.objc; path = SBJsonBase.m; sourceTree = "<group>"; };
		53FFD0FE1401234C00E6B764 /* SBJsonParser.h */ = {isa = PBXFileReference; fileEncoding = 4; lastKnownFileType = sourcecode.c.h; path = SBJsonParser.h; sourceTree = "<group>"; };
		53FFD0FF1401234C00E6B764 /* SBJsonParser.m */ = {isa = PBXFileReference; fileEncoding = 4; lastKnownFileType = sourcecode.c.objc; path = SBJsonParser.m; sourceTree = "<group>"; };
		53FFD1001401234C00E6B764 /* SBJsonWriter.h */ = {isa = PBXFileReference; fileEncoding = 4; lastKnownFileType = sourcecode.c.h; path = SBJsonWriter.h; sourceTree = "<group>"; };
		53FFD1011401234C00E6B764 /* SBJsonWriter.m */ = {isa = PBXFileReference; fileEncoding = 4; lastKnownFileType = sourcecode.c.objc; path = SBJsonWriter.m; sourceTree = "<group>"; };
		53FFD1031401234C00E6B764 /* Reachability.h */ = {isa = PBXFileReference; fileEncoding = 4; lastKnownFileType = sourcecode.c.h; path = Reachability.h; sourceTree = "<group>"; };
		53FFD1041401234C00E6B764 /* Reachability.m */ = {isa = PBXFileReference; fileEncoding = 4; lastKnownFileType = sourcecode.c.objc; path = Reachability.m; sourceTree = "<group>"; };
		53FFD115140123C200E6B764 /* DKFile.h */ = {isa = PBXFileReference; fileEncoding = 4; lastKnownFileType = sourcecode.c.h; name = DKFile.h; path = DKFile/Classes/DKFile.h; sourceTree = "<group>"; };
		53FFD116140123C200E6B764 /* DKFile.m */ = {isa = PBXFileReference; fileEncoding = 4; lastKnownFileType = sourcecode.c.objc; name = DKFile.m; path = DKFile/Classes/DKFile.m; sourceTree = "<group>"; };
		53FFD118140123F400E6B764 /* MobileCoreServices.framework */ = {isa = PBXFileReference; lastKnownFileType = wrapper.framework; name = MobileCoreServices.framework; path = Platforms/iPhoneOS.platform/Developer/SDKs/iPhoneOS4.3.sdk/System/Library/Frameworks/MobileCoreServices.framework; sourceTree = DEVELOPER_DIR; };
/* End PBXFileReference section */

/* Begin PBXFrameworksBuildPhase section */
		5378749C14010A0A00D9B746 /* Frameworks */ = {
			isa = PBXFrameworksBuildPhase;
			buildActionMask = 2147483647;
			files = (
				53F18BB91401539E00E1A6E8 /* CoreGraphics.framework in Frameworks */,
				53F18BB71401539200E1A6E8 /* libicucore.dylib in Frameworks */,
				53F18BB51401538800E1A6E8 /* libz.dylib in Frameworks */,
				53F18BB31401533100E1A6E8 /* CFNetwork.framework in Frameworks */,
				53F18BB01401532800E1A6E8 /* SystemConfiguration.framework in Frameworks */,
				53FFD119140123F400E6B764 /* MobileCoreServices.framework in Frameworks */,
				537874BF14010A2500D9B746 /* Foundation.framework in Frameworks */,
				537874BD14010A1F00D9B746 /* UIKit.framework in Frameworks */,
				537874D514010A5700D9B746 /* Cedar-iPhone.framework in Frameworks */,
				537874D614010A5700D9B746 /* libExpecta-ios-universal.a in Frameworks */,
				530D4B97140237EE00A33292 /* OCMock-iPhone.framework in Frameworks */,
			);
			runOnlyForDeploymentPostprocessing = 0;
		};
/* End PBXFrameworksBuildPhase section */

/* Begin PBXGroup section */
		530D4B6F14022FF200A33292 /* Classes */ = {
			isa = PBXGroup;
			children = (
				53876B91140A18E3009F8171 /* DKAPIFormData */,
				5315648A14035E27009A79E5 /* DKAPIProgress */,
				5315648914035E1E009A79E5 /* DKAPIInterceptor */,
				530D4B7014022FF200A33292 /* DKAPICacheStrategy.h */,
				530D4B7614022FF200A33292 /* DKAPILogger.h */,
				530D4B7714022FF200A33292 /* DKAPIRequest.h */,
				530D4B7814022FF200A33292 /* DKAPIRequest.m */,
				530D4B7914022FF200A33292 /* DKAPIResponse.h */,
				530D4B7A14022FF200A33292 /* DKAPIResponse.m */,
				530D4B7B14022FF200A33292 /* DKAPIStub.h */,
				530D4B7C14022FF200A33292 /* DKAPIStub.m */,
			);
			path = Classes;
			sourceTree = "<group>";
		};
		530D4BA014024E8400A33292 /* Interceptors */ = {
			isa = PBXGroup;
			children = (
				530D4BA114024EA200A33292 /* MockInterceptor.h */,
				530D4BA214024EA200A33292 /* MockInterceptor.m */,
			);
			name = Interceptors;
			sourceTree = "<group>";
		};
		5315648914035E1E009A79E5 /* DKAPIInterceptor */ = {
			isa = PBXGroup;
			children = (
				530D4B7514022FF200A33292 /* DKAPIInterceptorProtocol.h */,
				530D4B7314022FF200A33292 /* DKAPIInterceptor.h */,
				530D4B7414022FF200A33292 /* DKAPIInterceptor.m */,
			);
			name = DKAPIInterceptor;
			sourceTree = "<group>";
		};
		5315648A14035E27009A79E5 /* DKAPIProgress */ = {
			isa = PBXGroup;
			children = (
				5315648814035D4C009A79E5 /* DKAPIProgressProtocol.h */,
				53156484140359C8009A79E5 /* DKAPIProgress.h */,
				53156485140359C8009A79E5 /* DKAPIProgress.m */,
			);
			name = DKAPIProgress;
			sourceTree = "<group>";
		};
		5315648B14036037009A79E5 /* Delegates */ = {
			isa = PBXGroup;
			children = (
				5315648C14036049009A79E5 /* MockProgressDelegate.h */,
				5315648D14036049009A79E5 /* MockProgressDelegate.m */,
			);
			name = Delegates;
			sourceTree = "<group>";
		};
		5378747D140109AE00D9B746 = {
			isa = PBXGroup;
			children = (
				530D4B6F14022FF200A33292 /* Classes */,
				537874A914010A0A00D9B746 /* Specs */,
				537874C014010A5700D9B746 /* External */,
				537874A214010A0A00D9B746 /* Frameworks */,
				537874A014010A0A00D9B746 /* Products */,
			);
			sourceTree = "<group>";
		};
		537874A014010A0A00D9B746 /* Products */ = {
			isa = PBXGroup;
			children = (
				5378749F14010A0A00D9B746 /* Specs.app */,
			);
			name = Products;
			sourceTree = "<group>";
		};
		537874A214010A0A00D9B746 /* Frameworks */ = {
			isa = PBXGroup;
			children = (
				53F18BB61401539200E1A6E8 /* libicucore.dylib */,
				53F18BB41401538800E1A6E8 /* libz.dylib */,
				530D4B96140237EE00A33292 /* OCMock-iPhone.framework */,
				53F18BB81401539E00E1A6E8 /* CoreGraphics.framework */,
				53F18BB21401533100E1A6E8 /* CFNetwork.framework */,
				53F18BAF1401532800E1A6E8 /* SystemConfiguration.framework */,
				53FFD118140123F400E6B764 /* MobileCoreServices.framework */,
				537874C114010A5700D9B746 /* Cedar-iPhone.framework */,
				537874BE14010A2500D9B746 /* Foundation.framework */,
				537874BC14010A1F00D9B746 /* UIKit.framework */,
			);
			name = Frameworks;
			sourceTree = "<group>";
		};
		537874A914010A0A00D9B746 /* Specs */ = {
			isa = PBXGroup;
			children = (
				53876B95140A1BB3009F8171 /* Custom Form Data */,
				5315648B14036037009A79E5 /* Delegates */,
				530D4BA014024E8400A33292 /* Interceptors */,
				537874AA14010A0A00D9B746 /* Support */,
				530D4B8B1402327F00A33292 /* DKAPIInterceptorSpec.m */,
				530D4B8C1402327F00A33292 /* DKAPIRequestSpec.m */,
				530D4B94140232D200A33292 /* DKAPIFormDataSpec.m */,
				530D4B8D1402327F00A33292 /* DKAPIResponseSpec.m */,
				530D4B8E1402327F00A33292 /* DKAPIStubSpec.m */,
				53156491140360A9009A79E5 /* DKAPIProgressSpec.m */,
			);
			path = Specs;
			sourceTree = "<group>";
		};
		537874AA14010A0A00D9B746 /* Support */ = {
			isa = PBXGroup;
			children = (
				530D4B891402323700A33292 /* SpecHelper.h */,
				537874AB14010A0A00D9B746 /* Specs-Info.plist */,
				537874AF14010A0A00D9B746 /* main.m */,
				537874B114010A0A00D9B746 /* Specs-Prefix.pch */,
			);
			name = Support;
			sourceTree = "<group>";
		};
		537874C014010A5700D9B746 /* External */ = {
			isa = PBXGroup;
			children = (
				53F18BC7140153C900E1A6E8 /* DKSupport */,
				53F18BBA140153C400E1A6E8 /* ISO8601DateFormatter */,
				53F18BBD140153C400E1A6E8 /* NSLogger */,
				53F18BC1140153C400E1A6E8 /* RegexKitLite */,
				53FFD114140123BA00E6B764 /* DKFile */,
				53FFD0DF1401234C00E6B764 /* ASIHTTPRequest */,
				53FFD0F41401234C00E6B764 /* JSON */,
				53FFD1021401234C00E6B764 /* Reachability */,
				537874C214010A5700D9B746 /* Expecta */,
			);
			path = External;
			sourceTree = "<group>";
		};
		537874C214010A5700D9B746 /* Expecta */ = {
			isa = PBXGroup;
			children = (
				537874C314010A5700D9B746 /* Expecta.h */,
				537874C414010A5700D9B746 /* ExpectaSupport.h */,
				537874C514010A5700D9B746 /* EXPExpect.h */,
				537874C614010A5700D9B746 /* EXPMatcherHelpers.h */,
				537874C714010A5700D9B746 /* EXPMatchers+toBeFalsy.h */,
				537874C814010A5700D9B746 /* EXPMatchers+toBeIdenticalTo.h */,
				537874C914010A5700D9B746 /* EXPMatchers+toBeInstanceOf.h */,
				537874CA14010A5700D9B746 /* EXPMatchers+toBeKindOf.h */,
				537874CB14010A5700D9B746 /* EXPMatchers+toBeNil.h */,
				537874CC14010A5700D9B746 /* EXPMatchers+toBeSubclassOf.h */,
				537874CD14010A5700D9B746 /* EXPMatchers+toBeTruthy.h */,
				537874CE14010A5700D9B746 /* EXPMatchers+toContain.h */,
				537874CF14010A5700D9B746 /* EXPMatchers+toEqual.h */,
				537874D014010A5700D9B746 /* EXPMatchers.h */,
				537874D114010A5700D9B746 /* EXPUnsupportedObject.h */,
				537874D214010A5700D9B746 /* libExpecta-ios-universal.a */,
				537874D314010A5700D9B746 /* NSObject+Expecta.h */,
				537874D414010A5700D9B746 /* NSValue+Expecta.h */,
			);
			path = Expecta;
			sourceTree = "<group>";
		};
		53876B91140A18E3009F8171 /* DKAPIFormData */ = {
			isa = PBXGroup;
			children = (
				53876B94140A19A6009F8171 /* DKAPIFormDataType.h */,
				53876B93140A18F8009F8171 /* DKAPIFormDataProtocol.h */,
				530D4B7114022FF200A33292 /* DKAPIFormData.h */,
				530D4B7214022FF200A33292 /* DKAPIFormData.m */,
			);
			name = DKAPIFormData;
			sourceTree = "<group>";
		};
		53876B95140A1BB3009F8171 /* Custom Form Data */ = {
			isa = PBXGroup;
			children = (
				53876B96140A1BDA009F8171 /* MockFileUpload.h */,
				53876B97140A1BDA009F8171 /* MockFileUpload.m */,
				53876BE8140A265A009F8171 /* MockDataObject.h */,
				53876BE9140A265A009F8171 /* MockDataObject.m */,
			);
			name = "Custom Form Data";
			sourceTree = "<group>";
		};
		53F18BBA140153C400E1A6E8 /* ISO8601DateFormatter */ = {
			isa = PBXGroup;
			children = (
				53F18BBB140153C400E1A6E8 /* ISO8601DateFormatter.h */,
				53F18BBC140153C400E1A6E8 /* ISO8601DateFormatter.m */,
			);
			name = ISO8601DateFormatter;
			path = DKSupport/External/ISO8601DateFormatter;
			sourceTree = "<group>";
		};
		53F18BBD140153C400E1A6E8 /* NSLogger */ = {
			isa = PBXGroup;
			children = (
				53F18BBE140153C400E1A6E8 /* LoggerClient.h */,
				53F18BBF140153C400E1A6E8 /* LoggerClient.m */,
				53F18BC0140153C400E1A6E8 /* LoggerCommon.h */,
			);
			name = NSLogger;
			path = DKSupport/External/NSLogger;
			sourceTree = "<group>";
		};
		53F18BC1140153C400E1A6E8 /* RegexKitLite */ = {
			isa = PBXGroup;
			children = (
				53F18BC2140153C400E1A6E8 /* RegexKitLite.h */,
				53F18BC3140153C400E1A6E8 /* RegexKitLite.m */,
			);
			name = RegexKitLite;
			path = DKSupport/External/RegexKitLite;
			sourceTree = "<group>";
		};
		53F18BC7140153C900E1A6E8 /* DKSupport */ = {
			isa = PBXGroup;
			children = (
				53F18BC8140153D300E1A6E8 /* DKLogger.h */,
				53F18BCE140153D300E1A6E8 /* DKSupport.h */,
				53F18BC9140153D300E1A6E8 /* DKPredicateBuilder */,
				53F18BCF140153D300E1A6E8 /* NSArray */,
				53F18BD2140153D300E1A6E8 /* NSDate */,
				53F18BD7140153D300E1A6E8 /* NSMutableArray */,
				53F18BDA140153D300E1A6E8 /* NSNumber */,
				53F18BDD140153D300E1A6E8 /* NSObject */,
				53F18BE0140153D400E1A6E8 /* NSString */,
				53F18BE7140153D400E1A6E8 /* UIAlertView */,
				53F18BEA140153D400E1A6E8 /* UIViewController */,
			);
			name = DKSupport;
			sourceTree = "<group>";
		};
		53F18BC9140153D300E1A6E8 /* DKPredicateBuilder */ = {
			isa = PBXGroup;
			children = (
				53F18BCA140153D300E1A6E8 /* DKPredicate.h */,
				53F18BCB140153D300E1A6E8 /* DKPredicate.m */,
				53F18BCC140153D300E1A6E8 /* DKPredicateBuilder.h */,
				53F18BCD140153D300E1A6E8 /* DKPredicateBuilder.m */,
			);
			name = DKPredicateBuilder;
			path = DKSupport/Classes/DKPredicateBuilder;
			sourceTree = "<group>";
		};
		53F18BCF140153D300E1A6E8 /* NSArray */ = {
			isa = PBXGroup;
			children = (
				53F18BD0140153D300E1A6E8 /* NSArray+Enumurable.h */,
				53F18BD1140153D300E1A6E8 /* NSArray+Enumurable.m */,
			);
			name = NSArray;
			path = DKSupport/Classes/NSArray;
			sourceTree = "<group>";
		};
		53F18BD2140153D300E1A6E8 /* NSDate */ = {
			isa = PBXGroup;
			children = (
				53F18BD3140153D300E1A6E8 /* NSDate+Conversions.h */,
				53F18BD4140153D300E1A6E8 /* NSDate+Conversions.m */,
				53F18BD5140153D300E1A6E8 /* NSDate+Initializers.h */,
				53F18BD6140153D300E1A6E8 /* NSDate+Initializers.m */,
			);
			name = NSDate;
			path = DKSupport/Classes/NSDate;
			sourceTree = "<group>";
		};
		53F18BD7140153D300E1A6E8 /* NSMutableArray */ = {
			isa = PBXGroup;
			children = (
				53F18BD8140153D300E1A6E8 /* NSMutableArray+Reverse.h */,
				53F18BD9140153D300E1A6E8 /* NSMutableArray+Reverse.m */,
			);
			name = NSMutableArray;
			path = DKSupport/Classes/NSMutableArray;
			sourceTree = "<group>";
		};
		53F18BDA140153D300E1A6E8 /* NSNumber */ = {
			isa = PBXGroup;
			children = (
				53F18BDB140153D300E1A6E8 /* NSNumber+Initializers.h */,
				53F18BDC140153D300E1A6E8 /* NSNumber+Initializers.m */,
			);
			name = NSNumber;
			path = DKSupport/Classes/NSNumber;
			sourceTree = "<group>";
		};
		53F18BDD140153D300E1A6E8 /* NSObject */ = {
			isa = PBXGroup;
			children = (
				53F18BDE140153D400E1A6E8 /* NSObject+DelayedBlock.h */,
				53F18BDF140153D400E1A6E8 /* NSObject+DelayedBlock.m */,
			);
			name = NSObject;
			path = DKSupport/Classes/NSObject;
			sourceTree = "<group>";
		};
		53F18BE0140153D400E1A6E8 /* NSString */ = {
			isa = PBXGroup;
			children = (
				53F18BE1140153D400E1A6E8 /* NSString+Hash.h */,
				53F18BE2140153D400E1A6E8 /* NSString+Hash.m */,
				53F18BE3140153D400E1A6E8 /* NSString+Inflections.h */,
				53F18BE4140153D400E1A6E8 /* NSString+Inflections.m */,
				53F18BE5140153D400E1A6E8 /* NSString+Initializers.h */,
				53F18BE6140153D400E1A6E8 /* NSString+Initializers.m */,
			);
			name = NSString;
			path = DKSupport/Classes/NSString;
			sourceTree = "<group>";
		};
		53F18BE7140153D400E1A6E8 /* UIAlertView */ = {
			isa = PBXGroup;
			children = (
				53F18BE8140153D400E1A6E8 /* UIAlertView+Shortcuts.h */,
				53F18BE9140153D400E1A6E8 /* UIAlertView+Shortcuts.m */,
			);
			name = UIAlertView;
			path = DKSupport/Classes/UIAlertView;
			sourceTree = "<group>";
		};
		53F18BEA140153D400E1A6E8 /* UIViewController */ = {
			isa = PBXGroup;
			children = (
				53F18BEB140153D400E1A6E8 /* UIViewController+ParentController.h */,
				53F18BEC140153D400E1A6E8 /* UIViewController+ParentController.m */,
			);
			name = UIViewController;
			path = DKSupport/Classes/UIViewController;
			sourceTree = "<group>";
		};
		53FFD0DF1401234C00E6B764 /* ASIHTTPRequest */ = {
			isa = PBXGroup;
			children = (
				53FFD0E01401234C00E6B764 /* ASIAuthenticationDialog.h */,
				53FFD0E11401234C00E6B764 /* ASIAuthenticationDialog.m */,
				53FFD0E21401234C00E6B764 /* ASICacheDelegate.h */,
				53FFD0E31401234C00E6B764 /* ASIDataCompressor.h */,
				53FFD0E41401234C00E6B764 /* ASIDataCompressor.m */,
				53FFD0E51401234C00E6B764 /* ASIDataDecompressor.h */,
				53FFD0E61401234C00E6B764 /* ASIDataDecompressor.m */,
				53FFD0E71401234C00E6B764 /* ASIDownloadCache.h */,
				53FFD0E81401234C00E6B764 /* ASIDownloadCache.m */,
				53FFD0E91401234C00E6B764 /* ASIFormDataRequest.h */,
				53FFD0EA1401234C00E6B764 /* ASIFormDataRequest.m */,
				53FFD0EB1401234C00E6B764 /* ASIHTTPRequest.h */,
				53FFD0EC1401234C00E6B764 /* ASIHTTPRequest.m */,
				53FFD0ED1401234C00E6B764 /* ASIHTTPRequestConfig.h */,
				53FFD0EE1401234C00E6B764 /* ASIHTTPRequestDelegate.h */,
				53FFD0EF1401234C00E6B764 /* ASIInputStream.h */,
				53FFD0F01401234C00E6B764 /* ASIInputStream.m */,
				53FFD0F11401234C00E6B764 /* ASINetworkQueue.h */,
				53FFD0F21401234C00E6B764 /* ASINetworkQueue.m */,
				53FFD0F31401234C00E6B764 /* ASIProgressDelegate.h */,
			);
			path = ASIHTTPRequest;
			sourceTree = "<group>";
		};
		53FFD0F41401234C00E6B764 /* JSON */ = {
			isa = PBXGroup;
			children = (
				53FFD0F51401234C00E6B764 /* JSON.h */,
				53FFD0F61401234C00E6B764 /* NSObject+SBJSON.h */,
				53FFD0F71401234C00E6B764 /* NSObject+SBJSON.m */,
				53FFD0F81401234C00E6B764 /* NSString+SBJSON.h */,
				53FFD0F91401234C00E6B764 /* NSString+SBJSON.m */,
				53FFD0FA1401234C00E6B764 /* SBJSON.h */,
				53FFD0FB1401234C00E6B764 /* SBJSON.m */,
				53FFD0FC1401234C00E6B764 /* SBJsonBase.h */,
				53FFD0FD1401234C00E6B764 /* SBJsonBase.m */,
				53FFD0FE1401234C00E6B764 /* SBJsonParser.h */,
				53FFD0FF1401234C00E6B764 /* SBJsonParser.m */,
				53FFD1001401234C00E6B764 /* SBJsonWriter.h */,
				53FFD1011401234C00E6B764 /* SBJsonWriter.m */,
			);
			path = JSON;
			sourceTree = "<group>";
		};
		53FFD1021401234C00E6B764 /* Reachability */ = {
			isa = PBXGroup;
			children = (
				53FFD1031401234C00E6B764 /* Reachability.h */,
				53FFD1041401234C00E6B764 /* Reachability.m */,
			);
			path = Reachability;
			sourceTree = "<group>";
		};
		53FFD114140123BA00E6B764 /* DKFile */ = {
			isa = PBXGroup;
			children = (
				53FFD115140123C200E6B764 /* DKFile.h */,
				53FFD116140123C200E6B764 /* DKFile.m */,
			);
			name = DKFile;
			sourceTree = "<group>";
		};
/* End PBXGroup section */

/* Begin PBXNativeTarget section */
		5378749E14010A0A00D9B746 /* Specs */ = {
			isa = PBXNativeTarget;
			buildConfigurationList = 537874BA14010A0A00D9B746 /* Build configuration list for PBXNativeTarget "Specs" */;
			buildPhases = (
				5378749B14010A0A00D9B746 /* Sources */,
				5378749C14010A0A00D9B746 /* Frameworks */,
				5378749D14010A0A00D9B746 /* Resources */,
			);
			buildRules = (
			);
			dependencies = (
			);
			name = Specs;
			productName = Specs;
			productReference = 5378749F14010A0A00D9B746 /* Specs.app */;
			productType = "com.apple.product-type.application";
		};
/* End PBXNativeTarget section */

/* Begin PBXProject section */
		5378747F140109AE00D9B746 /* Project object */ = {
			isa = PBXProject;
			buildConfigurationList = 53787482140109AE00D9B746 /* Build configuration list for PBXProject "DKAPIRequest" */;
			compatibilityVersion = "Xcode 3.2";
			developmentRegion = English;
			hasScannedForEncodings = 0;
			knownRegions = (
				en,
			);
			mainGroup = 5378747D140109AE00D9B746;
			productRefGroup = 537874A014010A0A00D9B746 /* Products */;
			projectDirPath = "";
			projectRoot = "";
			targets = (
				5378749E14010A0A00D9B746 /* Specs */,
			);
		};
/* End PBXProject section */

/* Begin PBXResourcesBuildPhase section */
		5378749D14010A0A00D9B746 /* Resources */ = {
			isa = PBXResourcesBuildPhase;
			buildActionMask = 2147483647;
			files = (
			);
			runOnlyForDeploymentPostprocessing = 0;
		};
/* End PBXResourcesBuildPhase section */

/* Begin PBXSourcesBuildPhase section */
		5378749B14010A0A00D9B746 /* Sources */ = {
			isa = PBXSourcesBuildPhase;
			buildActionMask = 2147483647;
			files = (
				537874B014010A0A00D9B746 /* main.m in Sources */,
				53FFD1051401234C00E6B764 /* ASIAuthenticationDialog.m in Sources */,
				53FFD1061401234C00E6B764 /* ASIDataCompressor.m in Sources */,
				53FFD1071401234C00E6B764 /* ASIDataDecompressor.m in Sources */,
				53FFD1081401234C00E6B764 /* ASIDownloadCache.m in Sources */,
				53FFD1091401234C00E6B764 /* ASIFormDataRequest.m in Sources */,
				53FFD10A1401234C00E6B764 /* ASIHTTPRequest.m in Sources */,
				53FFD10B1401234C00E6B764 /* ASIInputStream.m in Sources */,
				53FFD10C1401234C00E6B764 /* ASINetworkQueue.m in Sources */,
				53FFD10D1401234C00E6B764 /* NSObject+SBJSON.m in Sources */,
				53FFD10E1401234C00E6B764 /* NSString+SBJSON.m in Sources */,
				53FFD10F1401234C00E6B764 /* SBJSON.m in Sources */,
				53FFD1101401234C00E6B764 /* SBJsonBase.m in Sources */,
				53FFD1111401234C00E6B764 /* SBJsonParser.m in Sources */,
				53FFD1121401234C00E6B764 /* SBJsonWriter.m in Sources */,
				53FFD1131401234C00E6B764 /* Reachability.m in Sources */,
				53FFD117140123C200E6B764 /* DKFile.m in Sources */,
				53F18BC4140153C400E1A6E8 /* ISO8601DateFormatter.m in Sources */,
				53F18BC5140153C400E1A6E8 /* LoggerClient.m in Sources */,
				53F18BC6140153C400E1A6E8 /* RegexKitLite.m in Sources */,
				53F18BED140153D400E1A6E8 /* DKPredicate.m in Sources */,
				53F18BEE140153D400E1A6E8 /* DKPredicateBuilder.m in Sources */,
				53F18BEF140153D400E1A6E8 /* NSArray+Enumurable.m in Sources */,
				53F18BF0140153D400E1A6E8 /* NSDate+Conversions.m in Sources */,
				53F18BF1140153D400E1A6E8 /* NSDate+Initializers.m in Sources */,
				53F18BF2140153D400E1A6E8 /* NSMutableArray+Reverse.m in Sources */,
				53F18BF3140153D400E1A6E8 /* NSNumber+Initializers.m in Sources */,
				53F18BF4140153D400E1A6E8 /* NSObject+DelayedBlock.m in Sources */,
				53F18BF5140153D400E1A6E8 /* NSString+Hash.m in Sources */,
				53F18BF6140153D400E1A6E8 /* NSString+Inflections.m in Sources */,
				53F18BF7140153D400E1A6E8 /* NSString+Initializers.m in Sources */,
				53F18BF8140153D400E1A6E8 /* UIAlertView+Shortcuts.m in Sources */,
				53F18BF9140153D400E1A6E8 /* UIViewController+ParentController.m in Sources */,
				530D4B7D14022FF200A33292 /* DKAPIFormData.m in Sources */,
				530D4B7E14022FF200A33292 /* DKAPIInterceptor.m in Sources */,
				530D4B7F14022FF200A33292 /* DKAPIRequest.m in Sources */,
				530D4B8014022FF200A33292 /* DKAPIResponse.m in Sources */,
				530D4B8114022FF200A33292 /* DKAPIStub.m in Sources */,
				530D4B901402327F00A33292 /* DKAPIInterceptorSpec.m in Sources */,
				530D4B911402327F00A33292 /* DKAPIRequestSpec.m in Sources */,
				530D4B921402327F00A33292 /* DKAPIResponseSpec.m in Sources */,
				530D4B931402327F00A33292 /* DKAPIStubSpec.m in Sources */,
				530D4B95140232D200A33292 /* DKAPIFormDataSpec.m in Sources */,
				530D4BA314024EA200A33292 /* MockInterceptor.m in Sources */,
				53156486140359C8009A79E5 /* DKAPIProgress.m in Sources */,
				5315648E14036049009A79E5 /* MockProgressDelegate.m in Sources */,
				53156492140360A9009A79E5 /* DKAPIProgressSpec.m in Sources */,
				53876B98140A1BDA009F8171 /* MockFileUpload.m in Sources */,
				53876BEA140A265A009F8171 /* MockDataObject.m in Sources */,
			);
			runOnlyForDeploymentPostprocessing = 0;
		};
/* End PBXSourcesBuildPhase section */

/* Begin XCBuildConfiguration section */
		53787484140109AE00D9B746 /* Debug */ = {
			isa = XCBuildConfiguration;
			buildSettings = {
			};
			name = Debug;
		};
		53787485140109AE00D9B746 /* Release */ = {
			isa = XCBuildConfiguration;
			buildSettings = {
			};
			name = Release;
		};
		537874B814010A0A00D9B746 /* Debug */ = {
			isa = XCBuildConfiguration;
			buildSettings = {
				ALWAYS_SEARCH_USER_PATHS = NO;
				ARCHS = "$(ARCHS_STANDARD_32_BIT)";
				"CODE_SIGN_IDENTITY[sdk=iphoneos*]" = "iPhone Developer";
				COPY_PHASE_STRIP = NO;
				FRAMEWORK_SEARCH_PATHS = (
					"$(inherited)",
					"\"$(DEVELOPER_FRAMEWORKS_DIR)\"",
					"\"$(SRCROOT)/External\"",
				);
				GCC_C_LANGUAGE_STANDARD = gnu99;
				GCC_DYNAMIC_NO_PIC = NO;
				GCC_OPTIMIZATION_LEVEL = 0;
				GCC_PRECOMPILE_PREFIX_HEADER = YES;
				GCC_PREFIX_HEADER = "Specs/Specs-Prefix.pch";
				GCC_PREPROCESSOR_DEFINITIONS = (
					"DEBUG=1",
					"$(inherited)",
				);
				GCC_SYMBOLS_PRIVATE_EXTERN = NO;
				GCC_VERSION = com.apple.compilers.llvm.clang.1_0;
				GCC_WARN_ABOUT_MISSING_PROTOTYPES = YES;
				GCC_WARN_ABOUT_RETURN_TYPE = YES;
				GCC_WARN_UNUSED_VARIABLE = YES;
				INFOPLIST_FILE = "Specs/Specs-Info.plist";
				IPHONEOS_DEPLOYMENT_TARGET = 4.3;
				LIBRARY_SEARCH_PATHS = (
					"$(inherited)",
					"\"$(SRCROOT)/External/Expecta\"",
				);
				OTHER_LDFLAGS = (
					"-lstdc++",
					"-ObjC",
					"-all_load",
				);
				PRODUCT_NAME = "$(TARGET_NAME)";
				SDKROOT = iphoneos;
				WRAPPER_EXTENSION = app;
			};
			name = Debug;
		};
		537874B914010A0A00D9B746 /* Release */ = {
			isa = XCBuildConfiguration;
			buildSettings = {
				ALWAYS_SEARCH_USER_PATHS = NO;
				ARCHS = "$(ARCHS_STANDARD_32_BIT)";
				"CODE_SIGN_IDENTITY[sdk=iphoneos*]" = "iPhone Developer";
				COPY_PHASE_STRIP = YES;
				FRAMEWORK_SEARCH_PATHS = (
					"$(inherited)",
					"\"$(DEVELOPER_FRAMEWORKS_DIR)\"",
					"\"$(SRCROOT)/External\"",
				);
				GCC_C_LANGUAGE_STANDARD = gnu99;
				GCC_PRECOMPILE_PREFIX_HEADER = YES;
				GCC_PREFIX_HEADER = "Specs/Specs-Prefix.pch";
				GCC_VERSION = com.apple.compilers.llvm.clang.1_0;
				GCC_WARN_ABOUT_MISSING_PROTOTYPES = YES;
				GCC_WARN_ABOUT_RETURN_TYPE = YES;
				GCC_WARN_UNUSED_VARIABLE = YES;
				INFOPLIST_FILE = "Specs/Specs-Info.plist";
				IPHONEOS_DEPLOYMENT_TARGET = 4.3;
				LIBRARY_SEARCH_PATHS = (
					"$(inherited)",
					"\"$(SRCROOT)/External/Expecta\"",
				);
				OTHER_CFLAGS = "-DNS_BLOCK_ASSERTIONS=1";
				OTHER_LDFLAGS = (
					"-lstdc++",
					"-ObjC",
					"-all_load",
				);
				PRODUCT_NAME = "$(TARGET_NAME)";
				SDKROOT = iphoneos;
				VALIDATE_PRODUCT = YES;
				WRAPPER_EXTENSION = app;
			};
			name = Release;
		};
/* End XCBuildConfiguration section */

/* Begin XCConfigurationList section */
		53787482140109AE00D9B746 /* Build configuration list for PBXProject "DKAPIRequest" */ = {
			isa = XCConfigurationList;
			buildConfigurations = (
				53787484140109AE00D9B746 /* Debug */,
				53787485140109AE00D9B746 /* Release */,
			);
			defaultConfigurationIsVisible = 0;
			defaultConfigurationName = Release;
		};
		537874BA14010A0A00D9B746 /* Build configuration list for PBXNativeTarget "Specs" */ = {
			isa = XCConfigurationList;
			buildConfigurations = (
				537874B814010A0A00D9B746 /* Debug */,
				537874B914010A0A00D9B746 /* Release */,
			);
			defaultConfigurationIsVisible = 0;
			defaultConfigurationName = Release;
		};
/* End XCConfigurationList section */
	};
	rootObject = 5378747F140109AE00D9B746 /* Project object */;
}
